# This file is automatically @generated by Cargo.
# It is not intended for manual editing.
version = 3

[[package]]
name = "arrayref"
version = "0.3.7"
source = "registry+https://github.com/rust-lang/crates.io-index"
checksum = "6b4930d2cb77ce62f89ee5d5289b4ac049559b1c45539271f5ed4fdc7db34545"

[[package]]
name = "block-buffer"
version = "0.3.3"
source = "registry+https://github.com/rust-lang/crates.io-index"
checksum = "a076c298b9ecdb530ed9d967e74a6027d6a7478924520acddcddc24c1c8ab3ab"
dependencies = [
 "arrayref",
 "byte-tools",
]

[[package]]
name = "byte-tools"
version = "0.2.0"
source = "registry+https://github.com/rust-lang/crates.io-index"
checksum = "560c32574a12a89ecd91f5e742165893f86e3ab98d21f8ea548658eb9eef5f40"

[[package]]
name = "digest"
version = "0.7.6"
source = "registry+https://github.com/rust-lang/crates.io-index"
checksum = "03b072242a8cbaf9c145665af9d250c59af3b958f83ed6824e13533cf76d5b90"
dependencies = [
 "generic-array",
]

[[package]]
name = "either"
version = "1.8.1"
source = "registry+https://github.com/rust-lang/crates.io-index"
checksum = "7fcaabb2fef8c910e7f4c7ce9f67a1283a1715879a7c230ca9d6d1ae31f16d91"

[[package]]
name = "fake-simd"
version = "0.1.2"
source = "registry+https://github.com/rust-lang/crates.io-index"
checksum = "e88a8acf291dafb59c2d96e8f59828f3838bb1a70398823ade51a84de6a6deed"

[[package]]
name = "generic-array"
version = "0.9.1"
source = "registry+https://github.com/rust-lang/crates.io-index"
checksum = "6d00328cedcac5e81c683e5620ca6a30756fc23027ebf9bff405c0e8da1fbb7e"
dependencies = [
 "typenum",
]

[[package]]
name = "itertools"
version = "0.7.11"
source = "registry+https://github.com/rust-lang/crates.io-index"
checksum = "0d47946d458e94a1b7bcabbf6521ea7c037062c81f534615abcad76e84d4970d"
dependencies = [
 "either",
]

[[package]]
name = "itoa"
version = "1.0.6"
source = "registry+https://github.com/rust-lang/crates.io-index"
checksum = "453ad9f582a441959e5f0d088b02ce04cfe8d51a8eaf077f12ac6d3e94164ca6"

[[package]]
name = "pocorgtfo-mirror"
version = "0.1.0"
dependencies = [
 "itertools",
 "serde",
 "serde_json",
 "sha-1",
 "sha2",
]

[[package]]
name = "proc-macro2"
version = "1.0.56"
source = "registry+https://github.com/rust-lang/crates.io-index"
checksum = "2b63bdb0cd06f1f4dedf69b254734f9b45af66e4a031e42a7480257d9898b435"
dependencies = [
 "unicode-ident",
]

[[package]]
name = "quote"
version = "1.0.26"
source = "registry+https://github.com/rust-lang/crates.io-index"
checksum = "4424af4bf778aae2051a77b60283332f386554255d722233d09fbfc7e30da2fc"
dependencies = [
 "proc-macro2",
]

[[package]]
name = "ryu"
version = "1.0.13"
source = "registry+https://github.com/rust-lang/crates.io-index"
checksum = "f91339c0467de62360649f8d3e185ca8de4224ff281f66000de5eb2a77a79041"

[[package]]
name = "serde"
version = "1.0.159"
source = "registry+https://github.com/rust-lang/crates.io-index"
checksum = "3c04e8343c3daeec41f58990b9d77068df31209f2af111e059e9fe9646693065"
dependencies = [
 "serde_derive",
]

[[package]]
name = "serde_derive"
version = "1.0.159"
source = "registry+https://github.com/rust-lang/crates.io-index"
checksum = "4c614d17805b093df4b147b51339e7e44bf05ef59fba1e45d83500bcfb4d8585"
dependencies = [
 "proc-macro2",
 "quote",
 "syn",
]

[[package]]
name = "serde_json"
version = "1.0.95"
source = "registry+https://github.com/rust-lang/crates.io-index"
checksum = "d721eca97ac802aa7777b701877c8004d950fc142651367300d21c1cc0194744"
dependencies = [
 "itoa",
 "ryu",
 "serde",
]

[[package]]
name = "sha-1"
version = "0.7.0"
source = "registry+https://github.com/rust-lang/crates.io-index"
checksum = "51b9d1f3b5de8a167ab06834a7c883bd197f2191e1dda1a22d9ccfeedbf9aded"
dependencies = [
 "block-buffer",
 "byte-tools",
 "digest",
 "fake-simd",
]

[[package]]
name = "sha2"
version = "0.7.1"
source = "registry+https://github.com/rust-lang/crates.io-index"
checksum = "9eb6be24e4c23a84d7184280d2722f7f2731fcdd4a9d886efbfe4413e4847ea0"
dependencies = [
 "block-buffer",
 "byte-tools",
 "digest",
 "fake-simd",
]

[[package]]
name = "syn"
version = "2.0.13"
source = "registry+https://github.com/rust-lang/crates.io-index"
checksum = "4c9da457c5285ac1f936ebd076af6dac17a61cfe7826f2076b4d015cf47bc8ec"
dependencies = [
 "proc-macro2",
 "quote",
 "unicode-ident",
]

[[package]]
name = "typenum"
version = "1.16.0"
source = "registry+https://github.com/rust-lang/crates.io-index"
checksum = "497961ef93d974e23eb6f433eb5fe1b7930b659f06d12dec6fc44a8f554c0bba"

[[package]]
name = "unicode-ident"
version = "1.0.8"
source = "registry+https://github.com/rust-lang/crates.io-index"
checksum = "e5464a87b239f13a63a501f2701565754bae92d243d4bb7eb12f6d57d2269bf4"
